PODS:
  - BlurView (1.1)
  - HZWebViewController (0.0.4):
    - BlurView (~> 1.1)
    - NJKWebViewProgress (~> 0.2.2)
  - IQKeyboardManager (3.2.0.2)
  - Kiwi (2.3.1)
  - MKNetworkKit (0.87):
    - Reachability (~> 3.1.0)
  - NJKWebViewProgress (0.2.3):
    - NJKWebViewProgress/Core
    - NJKWebViewProgress/ProgressView
  - NJKWebViewProgress/Core (0.2.3)
  - NJKWebViewProgress/ProgressView (0.2.3)
  - RDVTabBarController (1.1.6)
  - Reachability (3.1.1)
  - SDWebImage (3.7.1):
    - SDWebImage/Core
  - SDWebImage/Core (3.7.1)
  - SVProgressHUD (1.0)

DEPENDENCIES:
  - HZWebViewController (~> 0.0.2)
  - IQKeyboardManager (~> 3.2.0)
  - Kiwi
  - MKNetworkKit (~> 0.87)
  - RDVTabBarController (~> 1.1.6)
  - SDWebImage (~> 3.7.1)
  - SVProgressHUD (~> 1.0)

SPEC CHECKSUMS:
  BlurView: 41623dbef66a9be05ace69c10856ad23ab25d0eb
  HZWebViewController: 6915c384e71d5dd9915c76c6e3cad6cea0f1ef0d
  IQKeyboardManager: f30f3e98fa36ca1599042c9d0cea2fb4f4ac3df9
  Kiwi: 73e1400209055ee9c8ba78c6012b6b642d0fb9f7
  MKNetworkKit: 83e6296a8d42e98a71880424a889773654846d74
  NJKWebViewProgress: 721b57080c840c76f70ff6c2dda4f836ee1b27c1
  RDVTabBarController: 252dafb16725f9a07026618ff51acf06a12b206b
  Reachability: 8e9635e3cb4f98e7f825e51147f677ecc694d0e7
  SDWebImage: 116e88633b5b416ea0ca4b334a4ac59cf72dd38d
  SVProgressHUD: 5034c6e22b8c2ca3e09402e48d41ed0340aa1c50

COCOAPODS: 0.34.2
