PODS:
  - AMap2DMap (3.3.0)
  - AMapSearch (3.3.0)
  - BlurView (1.1)
  - HZWebViewController (0.0.4):
    - BlurView (~> 1.1)
    - NJKWebViewProgress (~> 0.2.2)
  - IQKeyboardManager (3.2.4)
  - MKNetworkKit (0.87):
    - Reachability (~> 3.1.0)
  - NJKWebViewProgress (0.2.3):
    - NJKWebViewProgress/Core (= 0.2.3)
    - NJKWebViewProgress/ProgressView (= 0.2.3)
  - NJKWebViewProgress/Core (0.2.3)
  - NJKWebViewProgress/ProgressView (0.2.3)
  - RDVTabBarController (1.1.9)
  - Reachability (3.1.1)
  - SDWebImage (3.7.6):
    - SDWebImage/Core (= 3.7.6)
  - SDWebImage/Core (3.7.6)
  - SVProgressHUD (1.1.3)

DEPENDENCIES:
  - AMap2DMap (~> 3.3.0)
  - AMapSearch (~> 3.3.0)
  - HZWebViewController (~> 0.0.2)
  - IQKeyboardManager (~> 3.2.0)
  - MKNetworkKit (~> 0.87)
  - RDVTabBarController (~> 1.1.6)
  - SDWebImage (~> 3.7.1)
  - SVProgressHUD (~> 1.0)

SPEC CHECKSUMS:
  AMap2DMap: e53461cdc345375e514579db17dbd721ff9ed9eb
  AMapSearch: cff4faf59c007f7d1f2bae2d7170c3912783981a
  BlurView: 04ec9fd1216fad0c9f9a495ea51b4aaadae26139
  HZWebViewController: ea00951f67f891ae5f8b34d40beacd38358f38bf
  IQKeyboardManager: 555b1231fefafb21b19278d7cca72986a27b748b
  MKNetworkKit: 60ad3c83b62183e40ba75ce772c9427c25b520de
  NJKWebViewProgress: f481fd424cb5ecc27eacae11b5397db92fba9a4d
  RDVTabBarController: 67794f7a7a37f8e32f046f85ac67d06ab92d624a
  Reachability: dd9aa4fb6667b9f787690a74f53cb7634ce99893
  SDWebImage: c325cf02c30337336b95beff20a13df489ec0ec9
  SVProgressHUD: 748080e4f36e603f6c02aec292664239df5279c1

COCOAPODS: 0.37.2
